
Microsoft Visual Studio Solution File, Format Version 12.00
# Visual Studio Version 17
VisualStudioVersion = 17.4.33213.308
MinimumVisualStudioVersion = 10.0.40219.1
Project("{FAE04EC0-301F-11D3-BF4B-00C04F79EFBC}") = "Proyecto_API", "Proyecto_API\Proyecto_API.csproj", "{2E886B32-63D8-4005-9DFA-19F9189F6003}"
EndProject
Global
	GlobalSection(SolutionConfigurationPlatforms) = preSolution
		Debug|Any CPU = Debug|Any CPU
		Release|Any CPU = Release|Any CPU
	EndGlobalSection
	GlobalSection(ProjectConfigurationPlatforms) = postSolution
		{2E886B32-63D8-4005-9DFA-19F9189F6003}.Debug|Any CPU.ActiveCfg = Debug|Any CPU
		{2E886B32-63D8-4005-9DFA-19F9189F6003}.Debug|Any CPU.Build.0 = Debug|Any CPU
		{2E886B32-63D8-4005-9DFA-19F9189F6003}.Release|Any CPU.ActiveCfg = Release|Any CPU
		{2E886B32-63D8-4005-9DFA-19F9189F6003}.Release|Any CPU.Build.0 = Release|Any CPU
	EndGlobalSection
	GlobalSection(SolutionProperties) = preSolution
		HideSolutionNode = FALSE
	EndGlobalSection
	GlobalSection(ExtensibilityGlobals) = postSolution
		SolutionGuid = {30920955-EC7D-4DDD-A389-2BBC594AA3A3}
	EndGlobalSection
EndGlobal
